
Microsoft Visual Studio Solution File, Format Version 12.00
# Visual Studio Version 17
VisualStudioVersion = 17.6.33723.286
MinimumVisualStudioVersion = 10.0.40219.1
Project("{FAE04EC0-301F-11D3-BF4B-00C04F79EFBC}") = "MemoryUsageMonitor", "MemoryUsageMonitor.csproj", "{0C2165A8-4EFE-4D41-B78D-CA2CBD61ECC5}"
EndProject
Global
	GlobalSection(SolutionConfigurationPlatforms) = preSolution
		Debug|Any CPU = Debug|Any CPU
		Release|Any CPU = Release|Any CPU
	EndGlobalSection
	GlobalSection(ProjectConfigurationPlatforms) = postSolution
		{0C2165A8-4EFE-4D41-B78D-CA2CBD61ECC5}.Debug|Any CPU.ActiveCfg = Debug|Any CPU
		{0C2165A8-4EFE-4D41-B78D-CA2CBD61ECC5}.Debug|Any CPU.Build.0 = Debug|Any CPU
		{0C2165A8-4EFE-4D41-B78D-CA2CBD61ECC5}.Release|Any CPU.ActiveCfg = Release|Any CPU
		{0C2165A8-4EFE-4D41-B78D-CA2CBD61ECC5}.Release|Any CPU.Build.0 = Release|Any CPU
	EndGlobalSection
	GlobalSection(SolutionProperties) = preSolution
		HideSolutionNode = FALSE
	EndGlobalSection
	GlobalSection(ExtensibilityGlobals) = postSolution
		SolutionGuid = {23B6C8B7-63CD-42E6-B881-BC70A6CA1790}
	EndGlobalSection
EndGlobal
